// !$*UTF8*$!
{
	archiveVersion = 1;
	classes = {
	};
	objectVersion = 46;
	objects = {

/* Begin PBXBuildFile section */
		1A47A6245D9D404A8EA8E14D /* libPods.a in Frameworks */ = {isa = PBXBuildFile; fileRef = C9B290590157491498CF203C /* libPods.a */; };
		C528A48A18F0DD5C00AAC2E3 /* FinderHomeController.m in Sources */ = {isa = PBXBuildFile; fileRef = C528A48918F0DD5C00AAC2E3 /* FinderHomeController.m */; };
		C528A48E18F11EE200AAC2E3 /* FoundItemsController.m in Sources */ = {isa = PBXBuildFile; fileRef = C528A48D18F11EE200AAC2E3 /* FoundItemsController.m */; };
		C528A49118F1205700AAC2E3 /* FoundItem.m in Sources */ = {isa = PBXBuildFile; fileRef = C528A49018F1205700AAC2E3 /* FoundItem.m */; };
		C536F0AC18DA1FC90088BB88 /* Foundation.framework in Frameworks */ = {isa = PBXBuildFile; fileRef = C536F0AB18DA1FC90088BB88 /* Foundation.framework */; };
		C536F0AE18DA1FC90088BB88 /* CoreGraphics.framework in Frameworks */ = {isa = PBXBuildFile; fileRef = C536F0AD18DA1FC90088BB88 /* CoreGraphics.framework */; };
		C536F0B018DA1FC90088BB88 /* UIKit.framework in Frameworks */ = {isa = PBXBuildFile; fileRef = C536F0AF18DA1FC90088BB88 /* UIKit.framework */; };
		C536F0B618DA1FC90088BB88 /* InfoPlist.strings in Resources */ = {isa = PBXBuildFile; fileRef = C536F0B418DA1FC90088BB88 /* InfoPlist.strings */; };
		C536F0B818DA1FC90088BB88 /* main.m in Sources */ = {isa = PBXBuildFile; fileRef = C536F0B718DA1FC90088BB88 /* main.m */; };
		C536F0BC18DA1FC90088BB88 /* AppDelegate.m in Sources */ = {isa = PBXBuildFile; fileRef = C536F0BB18DA1FC90088BB88 /* AppDelegate.m */; };
		C536F0BF18DA1FC90088BB88 /* Main_iPhone.storyboard in Resources */ = {isa = PBXBuildFile; fileRef = C536F0BD18DA1FC90088BB88 /* Main_iPhone.storyboard */; };
		C536F0C218DA1FC90088BB88 /* Main_iPad.storyboard in Resources */ = {isa = PBXBuildFile; fileRef = C536F0C018DA1FC90088BB88 /* Main_iPad.storyboard */; };
		C536F0C518DA1FC90088BB88 /* FirstViewController.m in Sources */ = {isa = PBXBuildFile; fileRef = C536F0C418DA1FC90088BB88 /* FirstViewController.m */; };
		C536F0CA18DA1FC90088BB88 /* Images.xcassets in Resources */ = {isa = PBXBuildFile; fileRef = C536F0C918DA1FC90088BB88 /* Images.xcassets */; };
		C536F0D118DA1FC90088BB88 /* XCTest.framework in Frameworks */ = {isa = PBXBuildFile; fileRef = C536F0D018DA1FC90088BB88 /* XCTest.framework */; };
		C536F0D218DA1FC90088BB88 /* Foundation.framework in Frameworks */ = {isa = PBXBuildFile; fileRef = C536F0AB18DA1FC90088BB88 /* Foundation.framework */; };
		C536F0D318DA1FC90088BB88 /* UIKit.framework in Frameworks */ = {isa = PBXBuildFile; fileRef = C536F0AF18DA1FC90088BB88 /* UIKit.framework */; };
		C536F0DB18DA1FC90088BB88 /* InfoPlist.strings in Resources */ = {isa = PBXBuildFile; fileRef = C536F0D918DA1FC90088BB88 /* InfoPlist.strings */; };
		C536F0DD18DA1FC90088BB88 /* BackstepTests.m in Sources */ = {isa = PBXBuildFile; fileRef = C536F0DC18DA1FC90088BB88 /* BackstepTests.m */; };
		C536F0E818DA50610088BB88 /* LostItem.m in Sources */ = {isa = PBXBuildFile; fileRef = C536F0E718DA50610088BB88 /* LostItem.m */; };
		C536F0EB18DA51CD0088BB88 /* BasicInfoController.m in Sources */ = {isa = PBXBuildFile; fileRef = C536F0EA18DA51CD0088BB88 /* BasicInfoController.m */; };
		C551FE5618F09075002B3B85 /* FinderAccountTypeController.m in Sources */ = {isa = PBXBuildFile; fileRef = C551FE5518F09075002B3B85 /* FinderAccountTypeController.m */; };
		C551FE5B18F092F5002B3B85 /* FinderProfile.m in Sources */ = {isa = PBXBuildFile; fileRef = C551FE5A18F092F5002B3B85 /* FinderProfile.m */; };
		C551FE5E18F09A6E002B3B85 /* User.m in Sources */ = {isa = PBXBuildFile; fileRef = C551FE5D18F09A6E002B3B85 /* User.m */; };
		C551FE6218F09BC2002B3B85 /* ApiInterface.m in Sources */ = {isa = PBXBuildFile; fileRef = C551FE6118F09BC2002B3B85 /* ApiInterface.m */; };
		C551FE6C18F0A4AC002B3B85 /* FinderAccountBasicInfoController.m in Sources */ = {isa = PBXBuildFile; fileRef = C551FE6B18F0A4AC002B3B85 /* FinderAccountBasicInfoController.m */; };
		C551FE6F18F0C24B002B3B85 /* FinderAccountInstitutionController.m in Sources */ = {isa = PBXBuildFile; fileRef = C551FE6E18F0C24B002B3B85 /* FinderAccountInstitutionController.m */; };
		C551FE7318F0CDDD002B3B85 /* HomeController.m in Sources */ = {isa = PBXBuildFile; fileRef = C551FE7218F0CDDD002B3B85 /* HomeController.m */; };
		C56C5AB818DA6B1A0076D65D /* PaymentController.m in Sources */ = {isa = PBXBuildFile; fileRef = C56C5AB718DA6B1A0076D65D /* PaymentController.m */; };
		C56C5ABB18DA6EC00076D65D /* LocationController.m in Sources */ = {isa = PBXBuildFile; fileRef = C56C5ABA18DA6EC00076D65D /* LocationController.m */; };
		C56C5ABE18DAAACD0076D65D /* DetailsController.m in Sources */ = {isa = PBXBuildFile; fileRef = C56C5ABD18DAAACD0076D65D /* DetailsController.m */; };
		C5A6A18518F1DEB500038AD2 /* NewItemController.m in Sources */ = {isa = PBXBuildFile; fileRef = C5A6A18418F1DEB500038AD2 /* NewItemController.m */; };
		C5A6A18F18F1F0E900038AD2 /* Constants.m in Sources */ = {isa = PBXBuildFile; fileRef = C5A6A18E18F1F0E900038AD2 /* Constants.m */; };
		C5A6A19218F2192100038AD2 /* MatchesController.m in Sources */ = {isa = PBXBuildFile; fileRef = C5A6A19118F2192100038AD2 /* MatchesController.m */; };
		C5AF7EEA18F21F1400DCE789 /* SourcingAttempt.m in Sources */ = {isa = PBXBuildFile; fileRef = C5AF7EE918F21F1400DCE789 /* SourcingAttempt.m */; };
		C5AF7EEE18F224DA00DCE789 /* MatchTableViewCell.m in Sources */ = {isa = PBXBuildFile; fileRef = C5AF7EED18F224DA00DCE789 /* MatchTableViewCell.m */; };
		C5AF7EF118F260D400DCE789 /* LocationSearchController.m in Sources */ = {isa = PBXBuildFile; fileRef = C5AF7EF018F260D400DCE789 /* LocationSearchController.m */; };
		C5AF7EF418F260E600DCE789 /* BinSearchController.m in Sources */ = {isa = PBXBuildFile; fileRef = C5AF7EF318F260E600DCE789 /* BinSearchController.m */; };
		C5AF7EF718F269AE00DCE789 /* City.m in Sources */ = {isa = PBXBuildFile; fileRef = C5AF7EF618F269AE00DCE789 /* City.m */; };
		C5AF7EFD18F2770900DCE789 /* Institution.m in Sources */ = {isa = PBXBuildFile; fileRef = C5AF7EFC18F2770900DCE789 /* Institution.m */; };
		C5B88E4B18DABD1B00F8FAF8 /* ConfirmationController.m in Sources */ = {isa = PBXBuildFile; fileRef = C5B88E4A18DABD1B00F8FAF8 /* ConfirmationController.m */; };
		C5B88E4E18DAC6E000F8FAF8 /* DismissSegue.m in Sources */ = {isa = PBXBuildFile; fileRef = C5B88E4D18DAC6E000F8FAF8 /* DismissSegue.m */; };
		C5C19E7918DCB27B009D9D97 /* PlistOperations.m in Sources */ = {isa = PBXBuildFile; fileRef = C5C19E7818DCB27B009D9D97 /* PlistOperations.m */; };
		C5F082C818DB697500E7AD27 /* QuartzCore.framework in Frameworks */ = {isa = PBXBuildFile; fileRef = C5F082C718DB697500E7AD27 /* QuartzCore.framework */; };
		C5F082CA18DB9CDF00E7AD27 /* Data.plist in Resources */ = {isa = PBXBuildFile; fileRef = C5F082C918DB9CDF00E7AD27 /* Data.plist */; };
		C5F082CD18DBA9A200E7AD27 /* MyItemController.m in Sources */ = {isa = PBXBuildFile; fileRef = C5F082CC18DBA9A200E7AD27 /* MyItemController.m */; };
/* End PBXBuildFile section */

/* Begin PBXContainerItemProxy section */
		C536F0D418DA1FC90088BB88 /* PBXContainerItemProxy */ = {
			isa = PBXContainerItemProxy;
			containerPortal = C536F0A018DA1FC80088BB88 /* Project object */;
			proxyType = 1;
			remoteGlobalIDString = C536F0A718DA1FC80088BB88;
			remoteInfo = Backstep;
		};
/* End PBXContainerItemProxy section */

/* Begin PBXFileReference section */
		3D49FFF98DA54351BC06DEA2 /* Pods.xcconfig */ = {isa = PBXFileReference; includeInIndex = 1; lastKnownFileType = text.xcconfig; name = Pods.xcconfig; path = Pods/Pods.xcconfig; sourceTree = "<group>"; };
		C528A48818F0DD5C00AAC2E3 /* FinderHomeController.h */ = {isa = PBXFileReference; fileEncoding = 4; lastKnownFileType = sourcecode.c.h; path = FinderHomeController.h; sourceTree = "<group>"; };
		C528A48918F0DD5C00AAC2E3 /* FinderHomeController.m */ = {isa = PBXFileReference; fileEncoding = 4; lastKnownFileType = sourcecode.c.objc; path = FinderHomeController.m; sourceTree = "<group>"; };
		C528A48B18F10F0200AAC2E3 /* CreatableController.h */ = {isa = PBXFileReference; lastKnownFileType = sourcecode.c.h; path = CreatableController.h; sourceTree = "<group>"; };
		C528A48C18F11EE200AAC2E3 /* FoundItemsController.h */ = {isa = PBXFileReference; fileEncoding = 4; lastKnownFileType = sourcecode.c.h; path = FoundItemsController.h; sourceTree = "<group>"; };
		C528A48D18F11EE200AAC2E3 /* FoundItemsController.m */ = {isa = PBXFileReference; fileEncoding = 4; lastKnownFileType = sourcecode.c.objc; path = FoundItemsController.m; sourceTree = "<group>"; };
		C528A48F18F1205700AAC2E3 /* FoundItem.h */ = {isa = PBXFileReference; fileEncoding = 4; lastKnownFileType = sourcecode.c.h; path = FoundItem.h; sourceTree = "<group>"; };
		C528A49018F1205700AAC2E3 /* FoundItem.m */ = {isa = PBXFileReference; fileEncoding = 4; lastKnownFileType = sourcecode.c.objc; path = FoundItem.m; sourceTree = "<group>"; };
		C528A49218F1206E00AAC2E3 /* Gettable.h */ = {isa = PBXFileReference; lastKnownFileType = sourcecode.c.h; path = Gettable.h; sourceTree = "<group>"; };
		C528A49318F1258800AAC2E3 /* GettableController.h */ = {isa = PBXFileReference; lastKnownFileType = sourcecode.c.h; path = GettableController.h; sourceTree = "<group>"; };
		C536F0A818DA1FC90088BB88 /* Backstep.app */ = {isa = PBXFileReference; explicitFileType = wrapper.application; includeInIndex = 0; path = Backstep.app; sourceTree = BUILT_PRODUCTS_DIR; };
		C536F0AB18DA1FC90088BB88 /* Foundation.framework */ = {isa = PBXFileReference; lastKnownFileType = wrapper.framework; name = Foundation.framework; path = System/Library/Frameworks/Foundation.framework; sourceTree = SDKROOT; };
		C536F0AD18DA1FC90088BB88 /* CoreGraphics.framework */ = {isa = PBXFileReference; lastKnownFileType = wrapper.framework; name = CoreGraphics.framework; path = System/Library/Frameworks/CoreGraphics.framework; sourceTree = SDKROOT; };
		C536F0AF18DA1FC90088BB88 /* UIKit.framework */ = {isa = PBXFileReference; lastKnownFileType = wrapper.framework; name = UIKit.framework; path = System/Library/Frameworks/UIKit.framework; sourceTree = SDKROOT; };
		C536F0B318DA1FC90088BB88 /* Backstep-Info.plist */ = {isa = PBXFileReference; lastKnownFileType = text.plist.xml; path = "Backstep-Info.plist"; sourceTree = "<group>"; };
		C536F0B518DA1FC90088BB88 /* en */ = {isa = PBXFileReference; lastKnownFileType = text.plist.strings; name = en; path = en.lproj/InfoPlist.strings; sourceTree = "<group>"; };
		C536F0B718DA1FC90088BB88 /* main.m */ = {isa = PBXFileReference; lastKnownFileType = sourcecode.c.objc; path = main.m; sourceTree = "<group>"; };
		C536F0B918DA1FC90088BB88 /* Backstep-Prefix.pch */ = {isa = PBXFileReference; lastKnownFileType = sourcecode.c.h; path = "Backstep-Prefix.pch"; sourceTree = "<group>"; };
		C536F0BA18DA1FC90088BB88 /* AppDelegate.h */ = {isa = PBXFileReference; lastKnownFileType = sourcecode.c.h; path = AppDelegate.h; sourceTree = "<group>"; };
		C536F0BB18DA1FC90088BB88 /* AppDelegate.m */ = {isa = PBXFileReference; lastKnownFileType = sourcecode.c.objc; path = AppDelegate.m; sourceTree = "<group>"; };
		C536F0BE18DA1FC90088BB88 /* Base */ = {isa = PBXFileReference; lastKnownFileType = file.storyboard; name = Base; path = Base.lproj/Main_iPhone.storyboard; sourceTree = "<group>"; };
		C536F0C118DA1FC90088BB88 /* Base */ = {isa = PBXFileReference; lastKnownFileType = file.storyboard; name = Base; path = Base.lproj/Main_iPad.storyboard; sourceTree = "<group>"; };
		C536F0C318DA1FC90088BB88 /* FirstViewController.h */ = {isa = PBXFileReference; lastKnownFileType = sourcecode.c.h; path = FirstViewController.h; sourceTree = "<group>"; };
		C536F0C418DA1FC90088BB88 /* FirstViewController.m */ = {isa = PBXFileReference; lastKnownFileType = sourcecode.c.objc; path = FirstViewController.m; sourceTree = "<group>"; };
		C536F0C918DA1FC90088BB88 /* Images.xcassets */ = {isa = PBXFileReference; lastKnownFileType = folder.assetcatalog; path = Images.xcassets; sourceTree = "<group>"; };
		C536F0CF18DA1FC90088BB88 /* BackstepTests.xctest */ = {isa = PBXFileReference; explicitFileType = wrapper.cfbundle; includeInIndex = 0; path = BackstepTests.xctest; sourceTree = BUILT_PRODUCTS_DIR; };
		C536F0D018DA1FC90088BB88 /* XCTest.framework */ = {isa = PBXFileReference; lastKnownFileType = wrapper.framework; name = XCTest.framework; path = Library/Frameworks/XCTest.framework; sourceTree = DEVELOPER_DIR; };
		C536F0D818DA1FC90088BB88 /* BackstepTests-Info.plist */ = {isa = PBXFileReference; lastKnownFileType = text.plist.xml; path = "BackstepTests-Info.plist"; sourceTree = "<group>"; };
		C536F0DA18DA1FC90088BB88 /* en */ = {isa = PBXFileReference; lastKnownFileType = text.plist.strings; name = en; path = en.lproj/InfoPlist.strings; sourceTree = "<group>"; };
		C536F0DC18DA1FC90088BB88 /* BackstepTests.m */ = {isa = PBXFileReference; lastKnownFileType = sourcecode.c.objc; path = BackstepTests.m; sourceTree = "<group>"; };
		C536F0E618DA50610088BB88 /* LostItem.h */ = {isa = PBXFileReference; fileEncoding = 4; lastKnownFileType = sourcecode.c.h; path = LostItem.h; sourceTree = "<group>"; };
		C536F0E718DA50610088BB88 /* LostItem.m */ = {isa = PBXFileReference; fileEncoding = 4; lastKnownFileType = sourcecode.c.objc; path = LostItem.m; sourceTree = "<group>"; };
		C536F0E918DA51CD0088BB88 /* BasicInfoController.h */ = {isa = PBXFileReference; fileEncoding = 4; lastKnownFileType = sourcecode.c.h; path = BasicInfoController.h; sourceTree = "<group>"; };
		C536F0EA18DA51CD0088BB88 /* BasicInfoController.m */ = {isa = PBXFileReference; fileEncoding = 4; lastKnownFileType = sourcecode.c.objc; path = BasicInfoController.m; sourceTree = "<group>"; };
		C551FE5418F09075002B3B85 /* FinderAccountTypeController.h */ = {isa = PBXFileReference; fileEncoding = 4; lastKnownFileType = sourcecode.c.h; path = FinderAccountTypeController.h; sourceTree = "<group>"; };
		C551FE5518F09075002B3B85 /* FinderAccountTypeController.m */ = {isa = PBXFileReference; fileEncoding = 4; lastKnownFileType = sourcecode.c.objc; path = FinderAccountTypeController.m; sourceTree = "<group>"; };
		C551FE5918F092F5002B3B85 /* FinderProfile.h */ = {isa = PBXFileReference; fileEncoding = 4; lastKnownFileType = sourcecode.c.h; path = FinderProfile.h; sourceTree = "<group>"; };
		C551FE5A18F092F5002B3B85 /* FinderProfile.m */ = {isa = PBXFileReference; fileEncoding = 4; lastKnownFileType = sourcecode.c.objc; path = FinderProfile.m; sourceTree = "<group>"; };
		C551FE5C18F09A6E002B3B85 /* User.h */ = {isa = PBXFileReference; fileEncoding = 4; lastKnownFileType = sourcecode.c.h; path = User.h; sourceTree = "<group>"; };
		C551FE5D18F09A6E002B3B85 /* User.m */ = {isa = PBXFileReference; fileEncoding = 4; lastKnownFileType = sourcecode.c.objc; path = User.m; sourceTree = "<group>"; };
		C551FE6018F09BC2002B3B85 /* ApiInterface.h */ = {isa = PBXFileReference; fileEncoding = 4; lastKnownFileType = sourcecode.c.h; path = ApiInterface.h; sourceTree = "<group>"; };
		C551FE6118F09BC2002B3B85 /* ApiInterface.m */ = {isa = PBXFileReference; fileEncoding = 4; lastKnownFileType = sourcecode.c.objc; path = ApiInterface.m; sourceTree = "<group>"; };
		C551FE6518F09C8E002B3B85 /* Creatable.h */ = {isa = PBXFileReference; lastKnownFileType = sourcecode.c.h; path = Creatable.h; sourceTree = "<group>"; };
		C551FE6A18F0A4AC002B3B85 /* FinderAccountBasicInfoController.h */ = {isa = PBXFileReference; fileEncoding = 4; lastKnownFileType = sourcecode.c.h; path = FinderAccountBasicInfoController.h; sourceTree = "<group>"; };
		C551FE6B18F0A4AC002B3B85 /* FinderAccountBasicInfoController.m */ = {isa = PBXFileReference; fileEncoding = 4; lastKnownFileType = sourcecode.c.objc; path = FinderAccountBasicInfoController.m; sourceTree = "<group>"; };
		C551FE6D18F0C24B002B3B85 /* FinderAccountInstitutionController.h */ = {isa = PBXFileReference; fileEncoding = 4; lastKnownFileType = sourcecode.c.h; path = FinderAccountInstitutionController.h; sourceTree = "<group>"; };
		C551FE6E18F0C24B002B3B85 /* FinderAccountInstitutionController.m */ = {isa = PBXFileReference; fileEncoding = 4; lastKnownFileType = sourcecode.c.objc; path = FinderAccountInstitutionController.m; sourceTree = "<group>"; };
		C551FE7118F0CDDD002B3B85 /* HomeController.h */ = {isa = PBXFileReference; fileEncoding = 4; lastKnownFileType = sourcecode.c.h; path = HomeController.h; sourceTree = "<group>"; };
		C551FE7218F0CDDD002B3B85 /* HomeController.m */ = {isa = PBXFileReference; fileEncoding = 4; lastKnownFileType = sourcecode.c.objc; path = HomeController.m; sourceTree = "<group>"; };
		C56C5AB618DA6B1A0076D65D /* PaymentController.h */ = {isa = PBXFileReference; fileEncoding = 4; lastKnownFileType = sourcecode.c.h; path = PaymentController.h; sourceTree = "<group>"; };
		C56C5AB718DA6B1A0076D65D /* PaymentController.m */ = {isa = PBXFileReference; fileEncoding = 4; lastKnownFileType = sourcecode.c.objc; path = PaymentController.m; sourceTree = "<group>"; };
		C56C5AB918DA6EBF0076D65D /* LocationController.h */ = {isa = PBXFileReference; fileEncoding = 4; lastKnownFileType = sourcecode.c.h; path = LocationController.h; sourceTree = "<group>"; };
		C56C5ABA18DA6EC00076D65D /* LocationController.m */ = {isa = PBXFileReference; fileEncoding = 4; lastKnownFileType = sourcecode.c.objc; path = LocationController.m; sourceTree = "<group>"; };
		C56C5ABC18DAAACD0076D65D /* DetailsController.h */ = {isa = PBXFileReference; fileEncoding = 4; lastKnownFileType = sourcecode.c.h; path = DetailsController.h; sourceTree = "<group>"; };
		C56C5ABD18DAAACD0076D65D /* DetailsController.m */ = {isa = PBXFileReference; fileEncoding = 4; lastKnownFileType = sourcecode.c.objc; path = DetailsController.m; sourceTree = "<group>"; };
		C5A6A18318F1DEB500038AD2 /* NewItemController.h */ = {isa = PBXFileReference; fileEncoding = 4; lastKnownFileType = sourcecode.c.h; path = NewItemController.h; sourceTree = "<group>"; };
		C5A6A18418F1DEB500038AD2 /* NewItemController.m */ = {isa = PBXFileReference; fileEncoding = 4; lastKnownFileType = sourcecode.c.objc; path = NewItemController.m; sourceTree = "<group>"; };
		C5A6A18D18F1F0E900038AD2 /* Constants.h */ = {isa = PBXFileReference; fileEncoding = 4; lastKnownFileType = sourcecode.c.h; path = Constants.h; sourceTree = "<group>"; };
		C5A6A18E18F1F0E900038AD2 /* Constants.m */ = {isa = PBXFileReference; fileEncoding = 4; lastKnownFileType = sourcecode.c.objc; path = Constants.m; sourceTree = "<group>"; };
		C5A6A19018F2192100038AD2 /* MatchesController.h */ = {isa = PBXFileReference; fileEncoding = 4; lastKnownFileType = sourcecode.c.h; path = MatchesController.h; sourceTree = "<group>"; };
		C5A6A19118F2192100038AD2 /* MatchesController.m */ = {isa = PBXFileReference; fileEncoding = 4; lastKnownFileType = sourcecode.c.objc; path = MatchesController.m; sourceTree = "<group>"; };
		C5AF7EE818F21F1400DCE789 /* SourcingAttempt.h */ = {isa = PBXFileReference; fileEncoding = 4; lastKnownFileType = sourcecode.c.h; path = SourcingAttempt.h; sourceTree = "<group>"; };
		C5AF7EE918F21F1400DCE789 /* SourcingAttempt.m */ = {isa = PBXFileReference; fileEncoding = 4; lastKnownFileType = sourcecode.c.objc; path = SourcingAttempt.m; sourceTree = "<group>"; };
		C5AF7EEC18F224DA00DCE789 /* MatchTableViewCell.h */ = {isa = PBXFileReference; fileEncoding = 4; lastKnownFileType = sourcecode.c.h; path = MatchTableViewCell.h; sourceTree = "<group>"; };
		C5AF7EED18F224DA00DCE789 /* MatchTableViewCell.m */ = {isa = PBXFileReference; fileEncoding = 4; lastKnownFileType = sourcecode.c.objc; path = MatchTableViewCell.m; sourceTree = "<group>"; };
		C5AF7EEF18F260D400DCE789 /* LocationSearchController.h */ = {isa = PBXFileReference; fileEncoding = 4; lastKnownFileType = sourcecode.c.h; path = LocationSearchController.h; sourceTree = "<group>"; };
		C5AF7EF018F260D400DCE789 /* LocationSearchController.m */ = {isa = PBXFileReference; fileEncoding = 4; lastKnownFileType = sourcecode.c.objc; path = LocationSearchController.m; sourceTree = "<group>"; };
		C5AF7EF218F260E600DCE789 /* BinSearchController.h */ = {isa = PBXFileReference; fileEncoding = 4; lastKnownFileType = sourcecode.c.h; path = BinSearchController.h; sourceTree = "<group>"; };
		C5AF7EF318F260E600DCE789 /* BinSearchController.m */ = {isa = PBXFileReference; fileEncoding = 4; lastKnownFileType = sourcecode.c.objc; path = BinSearchController.m; sourceTree = "<group>"; };
		C5AF7EF518F269AE00DCE789 /* City.h */ = {isa = PBXFileReference; fileEncoding = 4; lastKnownFileType = sourcecode.c.h; path = City.h; sourceTree = "<group>"; };
		C5AF7EF618F269AE00DCE789 /* City.m */ = {isa = PBXFileReference; fileEncoding = 4; lastKnownFileType = sourcecode.c.objc; path = City.m; sourceTree = "<group>"; };
		C5AF7EFA18F2739600DCE789 /* Tabular.h */ = {isa = PBXFileReference; lastKnownFileType = sourcecode.c.h; path = Tabular.h; sourceTree = "<group>"; };
		C5AF7EFB18F2770900DCE789 /* Institution.h */ = {isa = PBXFileReference; fileEncoding = 4; lastKnownFileType = sourcecode.c.h; path = Institution.h; sourceTree = "<group>"; };
		C5AF7EFC18F2770900DCE789 /* Institution.m */ = {isa = PBXFileReference; fileEncoding = 4; lastKnownFileType = sourcecode.c.objc; path = Institution.m; sourceTree = "<group>"; };
		C5B88E4918DABD1B00F8FAF8 /* ConfirmationController.h */ = {isa = PBXFileReference; fileEncoding = 4; lastKnownFileType = sourcecode.c.h; path = ConfirmationController.h; sourceTree = "<group>"; };
		C5B88E4A18DABD1B00F8FAF8 /* ConfirmationController.m */ = {isa = PBXFileReference; fileEncoding = 4; lastKnownFileType = sourcecode.c.objc; path = ConfirmationController.m; sourceTree = "<group>"; };
		C5B88E4C18DAC6E000F8FAF8 /* DismissSegue.h */ = {isa = PBXFileReference; fileEncoding = 4; lastKnownFileType = sourcecode.c.h; path = DismissSegue.h; sourceTree = "<group>"; };
		C5B88E4D18DAC6E000F8FAF8 /* DismissSegue.m */ = {isa = PBXFileReference; fileEncoding = 4; lastKnownFileType = sourcecode.c.objc; path = DismissSegue.m; sourceTree = "<group>"; };
		C5C19E7718DCB27B009D9D97 /* PlistOperations.h */ = {isa = PBXFileReference; fileEncoding = 4; lastKnownFileType = sourcecode.c.h; path = PlistOperations.h; sourceTree = "<group>"; };
		C5C19E7818DCB27B009D9D97 /* PlistOperations.m */ = {isa = PBXFileReference; fileEncoding = 4; lastKnownFileType = sourcecode.c.objc; path = PlistOperations.m; sourceTree = "<group>"; };
		C5F082C718DB697500E7AD27 /* QuartzCore.framework */ = {isa = PBXFileReference; lastKnownFileType = wrapper.framework; name = QuartzCore.framework; path = System/Library/Frameworks/QuartzCore.framework; sourceTree = SDKROOT; };
		C5F082C918DB9CDF00E7AD27 /* Data.plist */ = {isa = PBXFileReference; fileEncoding = 4; lastKnownFileType = text.plist.xml; path = Data.plist; sourceTree = "<group>"; };
		C5F082CB18DBA9A200E7AD27 /* MyItemController.h */ = {isa = PBXFileReference; fileEncoding = 4; lastKnownFileType = sourcecode.c.h; path = MyItemController.h; sourceTree = "<group>"; };
		C5F082CC18DBA9A200E7AD27 /* MyItemController.m */ = {isa = PBXFileReference; fileEncoding = 4; lastKnownFileType = sourcecode.c.objc; path = MyItemController.m; sourceTree = "<group>"; };
		C9B290590157491498CF203C /* libPods.a */ = {isa = PBXFileReference; explicitFileType = archive.ar; includeInIndex = 0; path = libPods.a; sourceTree = BUILT_PRODUCTS_DIR; };
/* End PBXFileReference section */

/* Begin PBXFrameworksBuildPhase section */
		C536F0A518DA1FC80088BB88 /* Frameworks */ = {
			isa = PBXFrameworksBuildPhase;
			buildActionMask = 2147483647;
			files = (
				C5F082C818DB697500E7AD27 /* QuartzCore.framework in Frameworks */,
				C536F0AE18DA1FC90088BB88 /* CoreGraphics.framework in Frameworks */,
				C536F0B018DA1FC90088BB88 /* UIKit.framework in Frameworks */,
				C536F0AC18DA1FC90088BB88 /* Foundation.framework in Frameworks */,
				1A47A6245D9D404A8EA8E14D /* libPods.a in Frameworks */,
			);
			runOnlyForDeploymentPostprocessing = 0;
		};
		C536F0CC18DA1FC90088BB88 /* Frameworks */ = {
			isa = PBXFrameworksBuildPhase;
			buildActionMask = 2147483647;
			files = (
				C536F0D118DA1FC90088BB88 /* XCTest.framework in Frameworks */,
				C536F0D318DA1FC90088BB88 /* UIKit.framework in Frameworks */,
				C536F0D218DA1FC90088BB88 /* Foundation.framework in Frameworks */,
			);
			runOnlyForDeploymentPostprocessing = 0;
		};
/* End PBXFrameworksBuildPhase section */

/* Begin PBXGroup section */
		C536F09F18DA1FC80088BB88 = {
			isa = PBXGroup;
			children = (
				C536F0B118DA1FC90088BB88 /* Backstep */,
				C536F0D618DA1FC90088BB88 /* BackstepTests */,
				C536F0AA18DA1FC90088BB88 /* Frameworks */,
				C536F0A918DA1FC90088BB88 /* Products */,
				3D49FFF98DA54351BC06DEA2 /* Pods.xcconfig */,
			);
			sourceTree = "<group>";
		};
		C536F0A918DA1FC90088BB88 /* Products */ = {
			isa = PBXGroup;
			children = (
				C536F0A818DA1FC90088BB88 /* Backstep.app */,
				C536F0CF18DA1FC90088BB88 /* BackstepTests.xctest */,
			);
			name = Products;
			sourceTree = "<group>";
		};
		C536F0AA18DA1FC90088BB88 /* Frameworks */ = {
			isa = PBXGroup;
			children = (
				C5F082C718DB697500E7AD27 /* QuartzCore.framework */,
				C536F0AB18DA1FC90088BB88 /* Foundation.framework */,
				C536F0AD18DA1FC90088BB88 /* CoreGraphics.framework */,
				C536F0AF18DA1FC90088BB88 /* UIKit.framework */,
				C536F0D018DA1FC90088BB88 /* XCTest.framework */,
				C9B290590157491498CF203C /* libPods.a */,
			);
			name = Frameworks;
			sourceTree = "<group>";
		};
		C536F0B118DA1FC90088BB88 /* Backstep */ = {
			isa = PBXGroup;
			children = (
				C5AF7EEB18F224B400DCE789 /* Views */,
				C551FE7018F0CD89002B3B85 /* LostItemControllers */,
				C551FE6618F0A43A002B3B85 /* FinderControllers */,
				C551FE6418F09C75002B3B85 /* Protocols */,
				C551FE5F18F09AFA002B3B85 /* Helpers */,
				C551FE5818F09298002B3B85 /* Models */,
				C536F0BA18DA1FC90088BB88 /* AppDelegate.h */,
				C536F0BB18DA1FC90088BB88 /* AppDelegate.m */,
				C536F0BD18DA1FC90088BB88 /* Main_iPhone.storyboard */,
				C536F0C018DA1FC90088BB88 /* Main_iPad.storyboard */,
				C536F0C918DA1FC90088BB88 /* Images.xcassets */,
				C536F0B218DA1FC90088BB88 /* Supporting Files */,
				C5B88E4C18DAC6E000F8FAF8 /* DismissSegue.h */,
				C5B88E4D18DAC6E000F8FAF8 /* DismissSegue.m */,
				C551FE7118F0CDDD002B3B85 /* HomeController.h */,
				C551FE7218F0CDDD002B3B85 /* HomeController.m */,
			);
			path = Backstep;
			sourceTree = "<group>";
		};
		C536F0B218DA1FC90088BB88 /* Supporting Files */ = {
			isa = PBXGroup;
			children = (
				C536F0B318DA1FC90088BB88 /* Backstep-Info.plist */,
				C536F0B418DA1FC90088BB88 /* InfoPlist.strings */,
				C536F0B718DA1FC90088BB88 /* main.m */,
				C536F0B918DA1FC90088BB88 /* Backstep-Prefix.pch */,
				C5F082C918DB9CDF00E7AD27 /* Data.plist */,
			);
			name = "Supporting Files";
			sourceTree = "<group>";
		};
		C536F0D618DA1FC90088BB88 /* BackstepTests */ = {
			isa = PBXGroup;
			children = (
				C536F0DC18DA1FC90088BB88 /* BackstepTests.m */,
				C536F0D718DA1FC90088BB88 /* Supporting Files */,
			);
			path = BackstepTests;
			sourceTree = "<group>";
		};
		C536F0D718DA1FC90088BB88 /* Supporting Files */ = {
			isa = PBXGroup;
			children = (
				C536F0D818DA1FC90088BB88 /* BackstepTests-Info.plist */,
				C536F0D918DA1FC90088BB88 /* InfoPlist.strings */,
			);
			name = "Supporting Files";
			sourceTree = "<group>";
		};
		C551FE5818F09298002B3B85 /* Models */ = {
			isa = PBXGroup;
			children = (
				C536F0E618DA50610088BB88 /* LostItem.h */,
				C536F0E718DA50610088BB88 /* LostItem.m */,
				C551FE5918F092F5002B3B85 /* FinderProfile.h */,
				C551FE5A18F092F5002B3B85 /* FinderProfile.m */,
				C551FE5C18F09A6E002B3B85 /* User.h */,
				C551FE5D18F09A6E002B3B85 /* User.m */,
				C528A48F18F1205700AAC2E3 /* FoundItem.h */,
				C528A49018F1205700AAC2E3 /* FoundItem.m */,
				C5AF7EE818F21F1400DCE789 /* SourcingAttempt.h */,
				C5AF7EE918F21F1400DCE789 /* SourcingAttempt.m */,
				C5AF7EF518F269AE00DCE789 /* City.h */,
				C5AF7EF618F269AE00DCE789 /* City.m */,
				C5AF7EFB18F2770900DCE789 /* Institution.h */,
				C5AF7EFC18F2770900DCE789 /* Institution.m */,
			);
			name = Models;
			sourceTree = "<group>";
		};
		C551FE5F18F09AFA002B3B85 /* Helpers */ = {
			isa = PBXGroup;
			children = (
				C5C19E7718DCB27B009D9D97 /* PlistOperations.h */,
				C5C19E7818DCB27B009D9D97 /* PlistOperations.m */,
				C551FE6018F09BC2002B3B85 /* ApiInterface.h */,
				C551FE6118F09BC2002B3B85 /* ApiInterface.m */,
				C5A6A18D18F1F0E900038AD2 /* Constants.h */,
				C5A6A18E18F1F0E900038AD2 /* Constants.m */,
			);
			name = Helpers;
			sourceTree = "<group>";
		};
		C551FE6418F09C75002B3B85 /* Protocols */ = {
			isa = PBXGroup;
			children = (
				C551FE6518F09C8E002B3B85 /* Creatable.h */,
				C528A48B18F10F0200AAC2E3 /* CreatableController.h */,
				C528A49218F1206E00AAC2E3 /* Gettable.h */,
				C528A49318F1258800AAC2E3 /* GettableController.h */,
				C5AF7EFA18F2739600DCE789 /* Tabular.h */,
			);
			name = Protocols;
			sourceTree = "<group>";
		};
		C551FE6618F0A43A002B3B85 /* FinderControllers */ = {
			isa = PBXGroup;
			children = (
				C551FE5418F09075002B3B85 /* FinderAccountTypeController.h */,
				C551FE5518F09075002B3B85 /* FinderAccountTypeController.m */,
				C551FE6A18F0A4AC002B3B85 /* FinderAccountBasicInfoController.h */,
				C551FE6B18F0A4AC002B3B85 /* FinderAccountBasicInfoController.m */,
				C551FE6D18F0C24B002B3B85 /* FinderAccountInstitutionController.h */,
				C551FE6E18F0C24B002B3B85 /* FinderAccountInstitutionController.m */,
				C528A48818F0DD5C00AAC2E3 /* FinderHomeController.h */,
				C528A48918F0DD5C00AAC2E3 /* FinderHomeController.m */,
				C528A48C18F11EE200AAC2E3 /* FoundItemsController.h */,
				C528A48D18F11EE200AAC2E3 /* FoundItemsController.m */,
				C5A6A18318F1DEB500038AD2 /* NewItemController.h */,
				C5A6A18418F1DEB500038AD2 /* NewItemController.m */,
				C5A6A19018F2192100038AD2 /* MatchesController.h */,
				C5A6A19118F2192100038AD2 /* MatchesController.m */,
			);
			name = FinderControllers;
			sourceTree = "<group>";
		};
		C551FE7018F0CD89002B3B85 /* LostItemControllers */ = {
			isa = PBXGroup;
			children = (
				C5AF7EF918F26B7D00DCE789 /* Search */,
				C5AF7EF818F26B5F00DCE789 /* Account */,
			);
			name = LostItemControllers;
			sourceTree = "<group>";
		};
		C5AF7EEB18F224B400DCE789 /* Views */ = {
			isa = PBXGroup;
			children = (
				C5AF7EEC18F224DA00DCE789 /* MatchTableViewCell.h */,
				C5AF7EED18F224DA00DCE789 /* MatchTableViewCell.m */,
			);
			name = Views;
			sourceTree = "<group>";
		};
		C5AF7EF818F26B5F00DCE789 /* Account */ = {
			isa = PBXGroup;
			children = (
				C536F0C318DA1FC90088BB88 /* FirstViewController.h */,
				C536F0C418DA1FC90088BB88 /* FirstViewController.m */,
				C56C5AB618DA6B1A0076D65D /* PaymentController.h */,
				C56C5AB718DA6B1A0076D65D /* PaymentController.m */,
				C56C5AB918DA6EBF0076D65D /* LocationController.h */,
				C56C5ABA18DA6EC00076D65D /* LocationController.m */,
				C5F082CB18DBA9A200E7AD27 /* MyItemController.h */,
				C5F082CC18DBA9A200E7AD27 /* MyItemController.m */,
				C5B88E4918DABD1B00F8FAF8 /* ConfirmationController.h */,
				C5B88E4A18DABD1B00F8FAF8 /* ConfirmationController.m */,
				C56C5ABC18DAAACD0076D65D /* DetailsController.h */,
				C56C5ABD18DAAACD0076D65D /* DetailsController.m */,
				C536F0E918DA51CD0088BB88 /* BasicInfoController.h */,
				C536F0EA18DA51CD0088BB88 /* BasicInfoController.m */,
			);
			name = Account;
			sourceTree = "<group>";
		};
		C5AF7EF918F26B7D00DCE789 /* Search */ = {
			isa = PBXGroup;
			children = (
				C5AF7EEF18F260D400DCE789 /* LocationSearchController.h */,
				C5AF7EF018F260D400DCE789 /* LocationSearchController.m */,
				C5AF7EF218F260E600DCE789 /* BinSearchController.h */,
				C5AF7EF318F260E600DCE789 /* BinSearchController.m */,
			);
			name = Search;
			sourceTree = "<group>";
		};
/* End PBXGroup section */

/* Begin PBXNativeTarget section */
		C536F0A718DA1FC80088BB88 /* Backstep */ = {
			isa = PBXNativeTarget;
			buildConfigurationList = C536F0E018DA1FC90088BB88 /* Build configuration list for PBXNativeTarget "Backstep" */;
			buildPhases = (
				437EE8D83C054AA7A104E5FD /* Check Pods Manifest.lock */,
				C536F0A418DA1FC80088BB88 /* Sources */,
				C536F0A518DA1FC80088BB88 /* Frameworks */,
				C536F0A618DA1FC80088BB88 /* Resources */,
				C94F51C2FB1B4EE0862F6F99 /* Copy Pods Resources */,
			);
			buildRules = (
			);
			dependencies = (
			);
			name = Backstep;
			productName = Backstep;
			productReference = C536F0A818DA1FC90088BB88 /* Backstep.app */;
			productType = "com.apple.product-type.application";
		};
		C536F0CE18DA1FC90088BB88 /* BackstepTests */ = {
			isa = PBXNativeTarget;
			buildConfigurationList = C536F0E318DA1FC90088BB88 /* Build configuration list for PBXNativeTarget "BackstepTests" */;
			buildPhases = (
				C536F0CB18DA1FC90088BB88 /* Sources */,
				C536F0CC18DA1FC90088BB88 /* Frameworks */,
				C536F0CD18DA1FC90088BB88 /* Resources */,
			);
			buildRules = (
			);
			dependencies = (
				C536F0D518DA1FC90088BB88 /* PBXTargetDependency */,
			);
			name = BackstepTests;
			productName = BackstepTests;
			productReference = C536F0CF18DA1FC90088BB88 /* BackstepTests.xctest */;
			productType = "com.apple.product-type.bundle.unit-test";
		};
/* End PBXNativeTarget section */

/* Begin PBXProject section */
		C536F0A018DA1FC80088BB88 /* Project object */ = {
			isa = PBXProject;
			attributes = {
				LastUpgradeCheck = 0510;
				ORGANIZATIONNAME = Backstep;
				TargetAttributes = {
					C536F0A718DA1FC80088BB88 = {
						DevelopmentTeam = RLZFHP8E7X;
					};
					C536F0CE18DA1FC90088BB88 = {
						TestTargetID = C536F0A718DA1FC80088BB88;
					};
				};
			};
			buildConfigurationList = C536F0A318DA1FC80088BB88 /* Build configuration list for PBXProject "Backstep" */;
			compatibilityVersion = "Xcode 3.2";
			developmentRegion = English;
			hasScannedForEncodings = 0;
			knownRegions = (
				en,
				Base,
			);
			mainGroup = C536F09F18DA1FC80088BB88;
			productRefGroup = C536F0A918DA1FC90088BB88 /* Products */;
			projectDirPath = "";
			projectRoot = "";
			targets = (
				C536F0A718DA1FC80088BB88 /* Backstep */,
				C536F0CE18DA1FC90088BB88 /* BackstepTests */,
			);
		};
/* End PBXProject section */

/* Begin PBXResourcesBuildPhase section */
		C536F0A618DA1FC80088BB88 /* Resources */ = {
			isa = PBXResourcesBuildPhase;
			buildActionMask = 2147483647;
			files = (
				C536F0C218DA1FC90088BB88 /* Main_iPad.storyboard in Resources */,
				C5F082CA18DB9CDF00E7AD27 /* Data.plist in Resources */,
				C536F0CA18DA1FC90088BB88 /* Images.xcassets in Resources */,
				C536F0BF18DA1FC90088BB88 /* Main_iPhone.storyboard in Resources */,
				C536F0B618DA1FC90088BB88 /* InfoPlist.strings in Resources */,
			);
			runOnlyForDeploymentPostprocessing = 0;
		};
		C536F0CD18DA1FC90088BB88 /* Resources */ = {
			isa = PBXResourcesBuildPhase;
			buildActionMask = 2147483647;
			files = (
				C536F0DB18DA1FC90088BB88 /* InfoPlist.strings in Resources */,
			);
			runOnlyForDeploymentPostprocessing = 0;
		};
/* End PBXResourcesBuildPhase section */

/* Begin PBXShellScriptBuildPhase section */
		437EE8D83C054AA7A104E5FD /* Check Pods Manifest.lock */ = {
			isa = PBXShellScriptBuildPhase;
			buildActionMask = 2147483647;
			files = (
			);
			inputPaths = (
			);
			name = "Check Pods Manifest.lock";
			outputPaths = (
			);
			runOnlyForDeploymentPostprocessing = 0;
			shellPath = /bin/sh;
			shellScript = "diff \"${PODS_ROOT}/../Podfile.lock\" \"${PODS_ROOT}/Manifest.lock\" > /dev/null\nif [[ $? != 0 ]] ; then\n    cat << EOM\nerror: The sandbox is not in sync with the Podfile.lock. Run 'pod install' or update your CocoaPods installation.\nEOM\n    exit 1\nfi\n";
			showEnvVarsInLog = 0;
		};
		C94F51C2FB1B4EE0862F6F99 /* Copy Pods Resources */ = {
			isa = PBXShellScriptBuildPhase;
			buildActionMask = 2147483647;
			files = (
			);
			inputPaths = (
			);
			name = "Copy Pods Resources";
			outputPaths = (
			);
			runOnlyForDeploymentPostprocessing = 0;
			shellPath = /bin/sh;
			shellScript = "\"${SRCROOT}/Pods/Pods-resources.sh\"\n";
			showEnvVarsInLog = 0;
		};
/* End PBXShellScriptBuildPhase section */

/* Begin PBXSourcesBuildPhase section */
		C536F0A418DA1FC80088BB88 /* Sources */ = {
			isa = PBXSourcesBuildPhase;
			buildActionMask = 2147483647;
			files = (
				C551FE6C18F0A4AC002B3B85 /* FinderAccountBasicInfoController.m in Sources */,
				C551FE7318F0CDDD002B3B85 /* HomeController.m in Sources */,
				C5AF7EEE18F224DA00DCE789 /* MatchTableViewCell.m in Sources */,
				C528A48A18F0DD5C00AAC2E3 /* FinderHomeController.m in Sources */,
				C56C5ABE18DAAACD0076D65D /* DetailsController.m in Sources */,
				C5A6A18518F1DEB500038AD2 /* NewItemController.m in Sources */,
				C536F0EB18DA51CD0088BB88 /* BasicInfoController.m in Sources */,
				C5B88E4E18DAC6E000F8FAF8 /* DismissSegue.m in Sources */,
				C5AF7EFD18F2770900DCE789 /* Institution.m in Sources */,
				C5AF7EEA18F21F1400DCE789 /* SourcingAttempt.m in Sources */,
				C551FE6F18F0C24B002B3B85 /* FinderAccountInstitutionController.m in Sources */,
				C551FE5B18F092F5002B3B85 /* FinderProfile.m in Sources */,
				C551FE6218F09BC2002B3B85 /* ApiInterface.m in Sources */,
				C536F0BC18DA1FC90088BB88 /* AppDelegate.m in Sources */,
				C5A6A18F18F1F0E900038AD2 /* Constants.m in Sources */,
				C551FE5E18F09A6E002B3B85 /* User.m in Sources */,
				C5C19E7918DCB27B009D9D97 /* PlistOperations.m in Sources */,
				C5AF7EF418F260E600DCE789 /* BinSearchController.m in Sources */,
				C5F082CD18DBA9A200E7AD27 /* MyItemController.m in Sources */,
				C5A6A19218F2192100038AD2 /* MatchesController.m in Sources */,
				C528A49118F1205700AAC2E3 /* FoundItem.m in Sources */,
				C5AF7EF718F269AE00DCE789 /* City.m in Sources */,
				C5B88E4B18DABD1B00F8FAF8 /* ConfirmationController.m in Sources */,
				C5AF7EF118F260D400DCE789 /* LocationSearchController.m in Sources */,
				C56C5AB818DA6B1A0076D65D /* PaymentController.m in Sources */,
				C536F0C518DA1FC90088BB88 /* FirstViewController.m in Sources */,
				C551FE5618F09075002B3B85 /* FinderAccountTypeController.m in Sources */,
				C536F0E818DA50610088BB88 /* LostItem.m in Sources */,
				C56C5ABB18DA6EC00076D65D /* LocationController.m in Sources */,
				C528A48E18F11EE200AAC2E3 /* FoundItemsController.m in Sources */,
				C536F0B818DA1FC90088BB88 /* main.m in Sources */,
			);
			runOnlyForDeploymentPostprocessing = 0;
		};
		C536F0CB18DA1FC90088BB88 /* Sources */ = {
			isa = PBXSourcesBuildPhase;
			buildActionMask = 2147483647;
			files = (
				C536F0DD18DA1FC90088BB88 /* BackstepTests.m in Sources */,
			);
			runOnlyForDeploymentPostprocessing = 0;
		};
/* End PBXSourcesBuildPhase section */

/* Begin PBXTargetDependency section */
		C536F0D518DA1FC90088BB88 /* PBXTargetDependency */ = {
			isa = PBXTargetDependency;
			target = C536F0A718DA1FC80088BB88 /* Backstep */;
			targetProxy = C536F0D418DA1FC90088BB88 /* PBXContainerItemProxy */;
		};
/* End PBXTargetDependency section */

/* Begin PBXVariantGroup section */
		C536F0B418DA1FC90088BB88 /* InfoPlist.strings */ = {
			isa = PBXVariantGroup;
			children = (
				C536F0B518DA1FC90088BB88 /* en */,
			);
			name = InfoPlist.strings;
			sourceTree = "<group>";
		};
		C536F0BD18DA1FC90088BB88 /* Main_iPhone.storyboard */ = {
			isa = PBXVariantGroup;
			children = (
				C536F0BE18DA1FC90088BB88 /* Base */,
			);
			name = Main_iPhone.storyboard;
			sourceTree = "<group>";
		};
		C536F0C018DA1FC90088BB88 /* Main_iPad.storyboard */ = {
			isa = PBXVariantGroup;
			children = (
				C536F0C118DA1FC90088BB88 /* Base */,
			);
			name = Main_iPad.storyboard;
			sourceTree = "<group>";
		};
		C536F0D918DA1FC90088BB88 /* InfoPlist.strings */ = {
			isa = PBXVariantGroup;
			children = (
				C536F0DA18DA1FC90088BB88 /* en */,
			);
			name = InfoPlist.strings;
			sourceTree = "<group>";
		};
/* End PBXVariantGroup section */

/* Begin XCBuildConfiguration section */
		C536F0DE18DA1FC90088BB88 /* Debug */ = {
			isa = XCBuildConfiguration;
			buildSettings = {
				ALWAYS_SEARCH_USER_PATHS = NO;
				CLANG_CXX_LANGUAGE_STANDARD = "gnu++0x";
				CLANG_CXX_LIBRARY = "libc++";
				CLANG_ENABLE_MODULES = YES;
				CLANG_ENABLE_OBJC_ARC = YES;
				CLANG_WARN_BOOL_CONVERSION = YES;
				CLANG_WARN_CONSTANT_CONVERSION = YES;
				CLANG_WARN_DIRECT_OBJC_ISA_USAGE = YES_ERROR;
				CLANG_WARN_EMPTY_BODY = YES;
				CLANG_WARN_ENUM_CONVERSION = YES;
				CLANG_WARN_INT_CONVERSION = YES;
				CLANG_WARN_OBJC_ROOT_CLASS = YES_ERROR;
				CLANG_WARN__DUPLICATE_METHOD_MATCH = YES;
				"CODE_SIGN_IDENTITY[sdk=iphoneos*]" = "iPhone Developer";
				COPY_PHASE_STRIP = NO;
				GCC_C_LANGUAGE_STANDARD = gnu99;
				GCC_DYNAMIC_NO_PIC = NO;
				GCC_OPTIMIZATION_LEVEL = 0;
				GCC_PREPROCESSOR_DEFINITIONS = (
					"DEBUG=1",
					"$(inherited)",
				);
				GCC_SYMBOLS_PRIVATE_EXTERN = NO;
				GCC_WARN_64_TO_32_BIT_CONVERSION = YES;
				GCC_WARN_ABOUT_RETURN_TYPE = YES_ERROR;
				GCC_WARN_UNDECLARED_SELECTOR = YES;
				GCC_WARN_UNINITIALIZED_AUTOS = YES_AGGRESSIVE;
				GCC_WARN_UNUSED_FUNCTION = YES;
				GCC_WARN_UNUSED_VARIABLE = YES;
				IPHONEOS_DEPLOYMENT_TARGET = 7.1;
				ONLY_ACTIVE_ARCH = YES;
				SDKROOT = iphoneos;
				TARGETED_DEVICE_FAMILY = "1,2";
			};
			name = Debug;
		};
		C536F0DF18DA1FC90088BB88 /* Release */ = {
			isa = XCBuildConfiguration;
			buildSettings = {
				ALWAYS_SEARCH_USER_PATHS = NO;
				CLANG_CXX_LANGUAGE_STANDARD = "gnu++0x";
				CLANG_CXX_LIBRARY = "libc++";
				CLANG_ENABLE_MODULES = YES;
				CLANG_ENABLE_OBJC_ARC = YES;
				CLANG_WARN_BOOL_CONVERSION = YES;
				CLANG_WARN_CONSTANT_CONVERSION = YES;
				CLANG_WARN_DIRECT_OBJC_ISA_USAGE = YES_ERROR;
				CLANG_WARN_EMPTY_BODY = YES;
				CLANG_WARN_ENUM_CONVERSION = YES;
				CLANG_WARN_INT_CONVERSION = YES;
				CLANG_WARN_OBJC_ROOT_CLASS = YES_ERROR;
				CLANG_WARN__DUPLICATE_METHOD_MATCH = YES;
				"CODE_SIGN_IDENTITY[sdk=iphoneos*]" = "iPhone Developer";
				COPY_PHASE_STRIP = YES;
				ENABLE_NS_ASSERTIONS = NO;
				GCC_C_LANGUAGE_STANDARD = gnu99;
				GCC_WARN_64_TO_32_BIT_CONVERSION = YES;
				GCC_WARN_ABOUT_RETURN_TYPE = YES_ERROR;
				GCC_WARN_UNDECLARED_SELECTOR = YES;
				GCC_WARN_UNINITIALIZED_AUTOS = YES_AGGRESSIVE;
				GCC_WARN_UNUSED_FUNCTION = YES;
				GCC_WARN_UNUSED_VARIABLE = YES;
				IPHONEOS_DEPLOYMENT_TARGET = 7.1;
				SDKROOT = iphoneos;
				TARGETED_DEVICE_FAMILY = "1,2";
				VALIDATE_PRODUCT = YES;
			};
			name = Release;
		};
		C536F0E118DA1FC90088BB88 /* Debug */ = {
			isa = XCBuildConfiguration;
			baseConfigurationReference = 3D49FFF98DA54351BC06DEA2 /* Pods.xcconfig */;
			buildSettings = {
				ASSETCATALOG_COMPILER_APPICON_NAME = AppIcon;
				ASSETCATALOG_COMPILER_LAUNCHIMAGE_NAME = LaunchImage;
				CODE_SIGN_IDENTITY = "iPhone Developer";
				GCC_PRECOMPILE_PREFIX_HEADER = YES;
				GCC_PREFIX_HEADER = "Backstep/Backstep-Prefix.pch";
				INFOPLIST_FILE = "Backstep/Backstep-Info.plist";
				PRODUCT_NAME = "$(TARGET_NAME)";
				WRAPPER_EXTENSION = app;
			};
			name = Debug;
		};
		C536F0E218DA1FC90088BB88 /* Release */ = {
			isa = XCBuildConfiguration;
			baseConfigurationReference = 3D49FFF98DA54351BC06DEA2 /* Pods.xcconfig */;
			buildSettings = {
				ASSETCATALOG_COMPILER_APPICON_NAME = AppIcon;
				ASSETCATALOG_COMPILER_LAUNCHIMAGE_NAME = LaunchImage;
				CODE_SIGN_IDENTITY = "iPhone Developer";
				GCC_PRECOMPILE_PREFIX_HEADER = YES;
				GCC_PREFIX_HEADER = "Backstep/Backstep-Prefix.pch";
				INFOPLIST_FILE = "Backstep/Backstep-Info.plist";
				PRODUCT_NAME = "$(TARGET_NAME)";
				WRAPPER_EXTENSION = app;
			};
			name = Release;
		};
		C536F0E418DA1FC90088BB88 /* Debug */ = {
			isa = XCBuildConfiguration;
			buildSettings = {
				BUNDLE_LOADER = "$(BUILT_PRODUCTS_DIR)/Backstep.app/Backstep";
				FRAMEWORK_SEARCH_PATHS = (
					"$(SDKROOT)/Developer/Library/Frameworks",
					"$(inherited)",
					"$(DEVELOPER_FRAMEWORKS_DIR)",
				);
				GCC_PRECOMPILE_PREFIX_HEADER = YES;
				GCC_PREFIX_HEADER = "Backstep/Backstep-Prefix.pch";
				GCC_PREPROCESSOR_DEFINITIONS = (
					"DEBUG=1",
					"$(inherited)",
				);
				INFOPLIST_FILE = "BackstepTests/BackstepTests-Info.plist";
				PRODUCT_NAME = "$(TARGET_NAME)";
				TEST_HOST = "$(BUNDLE_LOADER)";
				WRAPPER_EXTENSION = xctest;
			};
			name = Debug;
		};
		C536F0E518DA1FC90088BB88 /* Release */ = {
			isa = XCBuildConfiguration;
			buildSettings = {
				BUNDLE_LOADER = "$(BUILT_PRODUCTS_DIR)/Backstep.app/Backstep";
				FRAMEWORK_SEARCH_PATHS = (
					"$(SDKROOT)/Developer/Library/Frameworks",
					"$(inherited)",
					"$(DEVELOPER_FRAMEWORKS_DIR)",
				);
				GCC_PRECOMPILE_PREFIX_HEADER = YES;
				GCC_PREFIX_HEADER = "Backstep/Backstep-Prefix.pch";
				INFOPLIST_FILE = "BackstepTests/BackstepTests-Info.plist";
				PRODUCT_NAME = "$(TARGET_NAME)";
				TEST_HOST = "$(BUNDLE_LOADER)";
				WRAPPER_EXTENSION = xctest;
			};
			name = Release;
		};
/* End XCBuildConfiguration section */

/* Begin XCConfigurationList section */
		C536F0A318DA1FC80088BB88 /* Build configuration list for PBXProject "Backstep" */ = {
			isa = XCConfigurationList;
			buildConfigurations = (
				C536F0DE18DA1FC90088BB88 /* Debug */,
				C536F0DF18DA1FC90088BB88 /* Release */,
			);
			defaultConfigurationIsVisible = 0;
			defaultConfigurationName = Release;
		};
		C536F0E018DA1FC90088BB88 /* Build configuration list for PBXNativeTarget "Backstep" */ = {
			isa = XCConfigurationList;
			buildConfigurations = (
				C536F0E118DA1FC90088BB88 /* Debug */,
				C536F0E218DA1FC90088BB88 /* Release */,
			);
			defaultConfigurationIsVisible = 0;
			defaultConfigurationName = Release;
		};
		C536F0E318DA1FC90088BB88 /* Build configuration list for PBXNativeTarget "BackstepTests" */ = {
			isa = XCConfigurationList;
			buildConfigurations = (
				C536F0E418DA1FC90088BB88 /* Debug */,
				C536F0E518DA1FC90088BB88 /* Release */,
			);
			defaultConfigurationIsVisible = 0;
			defaultConfigurationName = Release;
		};
/* End XCConfigurationList section */
	};
	rootObject = C536F0A018DA1FC80088BB88 /* Project object */;
}
